
Microsoft Visual Studio Solution File, Format Version 12.00
Project("{FAE04EC0-301F-11D3-BF4B-00C04F79EFBC}") = "MovieTime.Web", "MovieTime.Web.csproj", "{5B7E8DE2-78E8-4251-96BA-CDE70E2C56F7}"
EndProject
Global
	GlobalSection(SolutionConfigurationPlatforms) = preSolution
		Debug|Any CPU = Debug|Any CPU
		Release|Any CPU = Release|Any CPU
	EndGlobalSection
	GlobalSection(ProjectConfigurationPlatforms) = postSolution
		{5B7E8DE2-78E8-4251-96BA-CDE70E2C56F7}.Debug|Any CPU.ActiveCfg = Debug|Any CPU
		{5B7E8DE2-78E8-4251-96BA-CDE70E2C56F7}.Debug|Any CPU.Build.0 = Debug|Any CPU
		{5B7E8DE2-78E8-4251-96BA-CDE70E2C56F7}.Release|Any CPU.ActiveCfg = Release|Any CPU
		{5B7E8DE2-78E8-4251-96BA-CDE70E2C56F7}.Release|Any CPU.Build.0 = Release|Any CPU
	EndGlobalSection
EndGlobal
